
Microsoft Visual Studio Solution File, Format Version 12.00
# Visual Studio 14
VisualStudioVersion = 14.0.25420.1
MinimumVisualStudioVersion = 10.0.40219.1
Project("{FAE04EC0-301F-11D3-BF4B-00C04F79EFBC}") = "XORM.Db", "XORM.Db\XORM.Db.csproj", "{83B29081-7384-4EF4-AE5D-7A32CADC7DE6}"
EndProject
Project("{FAE04EC0-301F-11D3-BF4B-00C04F79EFBC}") = "XORM.Base", "XORM.Base\XORM.Base.csproj", "{24D095BB-2E44-42C6-87BE-461391A829A2}"
EndProject
Project("{FAE04EC0-301F-11D3-BF4B-00C04F79EFBC}") = "MySQL.NetDBS", "MySQL.NBS\MySQL.NetDBS.csproj", "{EFB96AFA-978E-43EE-BA84-82E55416C99A}"
EndProject
Global
	GlobalSection(SolutionConfigurationPlatforms) = preSolution
		Debug|Any CPU = Debug|Any CPU
		Release|Any CPU = Release|Any CPU
	EndGlobalSection
	GlobalSection(ProjectConfigurationPlatforms) = postSolution
		{83B29081-7384-4EF4-AE5D-7A32CADC7DE6}.Debug|Any CPU.ActiveCfg = Debug|Any CPU
		{83B29081-7384-4EF4-AE5D-7A32CADC7DE6}.Debug|Any CPU.Build.0 = Debug|Any CPU
		{83B29081-7384-4EF4-AE5D-7A32CADC7DE6}.Release|Any CPU.ActiveCfg = Release|Any CPU
		{83B29081-7384-4EF4-AE5D-7A32CADC7DE6}.Release|Any CPU.Build.0 = Release|Any CPU
		{24D095BB-2E44-42C6-87BE-461391A829A2}.Debug|Any CPU.ActiveCfg = Debug|Any CPU
		{24D095BB-2E44-42C6-87BE-461391A829A2}.Debug|Any CPU.Build.0 = Debug|Any CPU
		{24D095BB-2E44-42C6-87BE-461391A829A2}.Release|Any CPU.ActiveCfg = Release|Any CPU
		{24D095BB-2E44-42C6-87BE-461391A829A2}.Release|Any CPU.Build.0 = Release|Any CPU
		{EFB96AFA-978E-43EE-BA84-82E55416C99A}.Debug|Any CPU.ActiveCfg = Debug|Any CPU
		{EFB96AFA-978E-43EE-BA84-82E55416C99A}.Debug|Any CPU.Build.0 = Debug|Any CPU
		{EFB96AFA-978E-43EE-BA84-82E55416C99A}.Release|Any CPU.ActiveCfg = Release|Any CPU
		{EFB96AFA-978E-43EE-BA84-82E55416C99A}.Release|Any CPU.Build.0 = Release|Any CPU
	EndGlobalSection
	GlobalSection(SolutionProperties) = preSolution
		HideSolutionNode = FALSE
	EndGlobalSection
EndGlobal
